
Microsoft Visual Studio Solution File, Format Version 12.00
# Visual Studio Version 17
VisualStudioVersion = 17.0.31903.59
MinimumVisualStudioVersion = 10.0.40219.1
Project("{FAE04EC0-301F-11D3-BF4B-00C04F79EFBC}") = "NameForm", "NameForm\NameForm.csproj", "{F8507AFE-14CB-4F50-8569-4DA169267094}"
EndProject
Global
	GlobalSection(SolutionConfigurationPlatforms) = preSolution
		Debug|Any CPU = Debug|Any CPU
		Release|Any CPU = Release|Any CPU
	EndGlobalSection
	GlobalSection(ProjectConfigurationPlatforms) = postSolution
		{F8507AFE-14CB-4F50-8569-4DA169267094}.Debug|Any CPU.ActiveCfg = Debug|Any CPU
		{F8507AFE-14CB-4F50-8569-4DA169267094}.Debug|Any CPU.Build.0 = Debug|Any CPU
		{F8507AFE-14CB-4F50-8569-4DA169267094}.Release|Any CPU.ActiveCfg = Release|Any CPU
		{F8507AFE-14CB-4F50-8569-4DA169267094}.Release|Any CPU.Build.0 = Release|Any CPU
	EndGlobalSection
	GlobalSection(SolutionProperties) = preSolution
		HideSolutionNode = FALSE
	EndGlobalSection
	GlobalSection(ExtensibilityGlobals) = postSolution
		SolutionGuid = {1862C929-6C1A-4836-ABCD-E18F2314A11B}
	EndGlobalSection
EndGlobal
